
Microsoft Visual Studio Solution File, Format Version 12.00
# Visual Studio Version 17
VisualStudioVersion = 17.4.33015.44
MinimumVisualStudioVersion = 10.0.40219.1
Project("{9A19103F-16F7-4668-BE54-9A1E7A4F7556}") = "iDotMatrixNET", "iDotMatrixNET\iDotMatrixNET.csproj", "{7027AF16-BB69-422E-A01C-9D5CEEA1DC05}"
EndProject
Project("{9A19103F-16F7-4668-BE54-9A1E7A4F7556}") = "iDotMatrixNET_Tests", "iDotMatrixNET_Tests\iDotMatrixNET_Tests.csproj", "{48B5FE4C-7BC5-41E3-B519-1C741C824CD6}"
EndProject
Global
	GlobalSection(SolutionConfigurationPlatforms) = preSolution
		Debug|Any CPU = Debug|Any CPU
		Release|Any CPU = Release|Any CPU
	EndGlobalSection
	GlobalSection(ProjectConfigurationPlatforms) = postSolution
		{7027AF16-BB69-422E-A01C-9D5CEEA1DC05}.Debug|Any CPU.ActiveCfg = Debug|Any CPU
		{7027AF16-BB69-422E-A01C-9D5CEEA1DC05}.Debug|Any CPU.Build.0 = Debug|Any CPU
		{7027AF16-BB69-422E-A01C-9D5CEEA1DC05}.Release|Any CPU.ActiveCfg = Release|Any CPU
		{7027AF16-BB69-422E-A01C-9D5CEEA1DC05}.Release|Any CPU.Build.0 = Release|Any CPU
		{48B5FE4C-7BC5-41E3-B519-1C741C824CD6}.Debug|Any CPU.ActiveCfg = Debug|Any CPU
		{48B5FE4C-7BC5-41E3-B519-1C741C824CD6}.Debug|Any CPU.Build.0 = Debug|Any CPU
		{48B5FE4C-7BC5-41E3-B519-1C741C824CD6}.Release|Any CPU.ActiveCfg = Release|Any CPU
		{48B5FE4C-7BC5-41E3-B519-1C741C824CD6}.Release|Any CPU.Build.0 = Release|Any CPU
	EndGlobalSection
	GlobalSection(SolutionProperties) = preSolution
		HideSolutionNode = FALSE
	EndGlobalSection
	GlobalSection(ExtensibilityGlobals) = postSolution
		SolutionGuid = {739B06EC-A81E-4C1E-936C-D53BD85714A1}
	EndGlobalSection
EndGlobal
